
Microsoft Visual Studio Solution File, Format Version 12.00
# Visual Studio Version 17
VisualStudioVersion = 17.11.35327.3
MinimumVisualStudioVersion = 10.0.40219.1
Project("{FAE04EC0-301F-11D3-BF4B-00C04F79EFBC}") = "MeetingMinutes", "MeetingMinutes\MeetingMinutes.csproj", "{2C2C0A08-ABE6-42B3-9CE6-6CC55265C41E}"
EndProject
Global
	GlobalSection(SolutionConfigurationPlatforms) = preSolution
		Debug|Any CPU = Debug|Any CPU
		Release|Any CPU = Release|Any CPU
	EndGlobalSection
	GlobalSection(ProjectConfigurationPlatforms) = postSolution
		{2C2C0A08-ABE6-42B3-9CE6-6CC55265C41E}.Debug|Any CPU.ActiveCfg = Debug|Any CPU
		{2C2C0A08-ABE6-42B3-9CE6-6CC55265C41E}.Debug|Any CPU.Build.0 = Debug|Any CPU
		{2C2C0A08-ABE6-42B3-9CE6-6CC55265C41E}.Release|Any CPU.ActiveCfg = Release|Any CPU
		{2C2C0A08-ABE6-42B3-9CE6-6CC55265C41E}.Release|Any CPU.Build.0 = Release|Any CPU
	EndGlobalSection
	GlobalSection(SolutionProperties) = preSolution
		HideSolutionNode = FALSE
	EndGlobalSection
	GlobalSection(ExtensibilityGlobals) = postSolution
		SolutionGuid = {4D3C45D2-9FF8-44A7-8AED-693F1C18167B}
	EndGlobalSection
EndGlobal
